
Microsoft Visual Studio Solution File, Format Version 12.00
# Visual Studio Version 16
VisualStudioVersion = 16.0.33328.57
MinimumVisualStudioVersion = 10.0.40219.1
Project("{FAE04EC0-301F-11D3-BF4B-00C04F79EFBC}") = "De2", "De2\De2.csproj", "{FB08FCF4-F8C5-4AFB-89CA-4A90C87B8AC2}"
EndProject
Global
	GlobalSection(SolutionConfigurationPlatforms) = preSolution
		Debug|Any CPU = Debug|Any CPU
		Release|Any CPU = Release|Any CPU
	EndGlobalSection
	GlobalSection(ProjectConfigurationPlatforms) = postSolution
		{FB08FCF4-F8C5-4AFB-89CA-4A90C87B8AC2}.Debug|Any CPU.ActiveCfg = Debug|Any CPU
		{FB08FCF4-F8C5-4AFB-89CA-4A90C87B8AC2}.Debug|Any CPU.Build.0 = Debug|Any CPU
		{FB08FCF4-F8C5-4AFB-89CA-4A90C87B8AC2}.Release|Any CPU.ActiveCfg = Release|Any CPU
		{FB08FCF4-F8C5-4AFB-89CA-4A90C87B8AC2}.Release|Any CPU.Build.0 = Release|Any CPU
	EndGlobalSection
	GlobalSection(SolutionProperties) = preSolution
		HideSolutionNode = FALSE
	EndGlobalSection
	GlobalSection(ExtensibilityGlobals) = postSolution
		SolutionGuid = {4E1A5260-A7C1-4283-AF66-CD86437C598E}
	EndGlobalSection
EndGlobal
